{
  "version": 4,
  "terraform_version": "1.3.6",
  "serial": 23,
  "lineage": "38ecd301-9846-8039-c499-03ddd2e4e249",
  "outputs": {},
  "resources": [
    {
      "mode": "managed",
      "type": "google_folder",
      "name": "Desenvolvimento",
      "provider": "provider[\"registry.terraform.io/hashicorp/google\"]",
      "instances": [
        {
          "schema_version": 0,
          "attributes": {
            "create_time": "2022-12-12T19:59:08.314Z",
            "display_name": "Desenvolvimento",
            "folder_id": "778652788033",
            "id": "folders/778652788033",
            "lifecycle_state": "ACTIVE",
            "name": "folders/778652788033",
            "parent": "folders/1050856628489",
            "timeouts": null
          },
          "sensitive_attributes": [],
          "private": "eyJlMmJmYjczMC1lY2FhLTExZTYtOGY4OC0zNDM2M2JjN2M0YzAiOnsiY3JlYXRlIjoyNDAwMDAwMDAwMDAsImRlbGV0ZSI6MjQwMDAwMDAwMDAwLCJyZWFkIjoyNDAwMDAwMDAwMDAsInVwZGF0ZSI6MjQwMDAwMDAwMDAwfX0=",
          "dependencies": [
            "google_folder.dashboard",
            "google_folder.estatisticas"
          ]
        }
      ]
    },
    {
      "mode": "managed",
      "type": "google_folder",
      "name": "Producao",
      "provider": "provider[\"registry.terraform.io/hashicorp/google\"]",
      "instances": [
        {
          "schema_version": 0,
          "attributes": {
            "create_time": "2022-12-12T19:59:08.288Z",
            "display_name": "Producao",
            "folder_id": "997161175547",
            "id": "folders/997161175547",
            "lifecycle_state": "ACTIVE",
            "name": "folders/997161175547",
            "parent": "folders/1050856628489",
            "timeouts": null
          },
          "sensitive_attributes": [],
          "private": "eyJlMmJmYjczMC1lY2FhLTExZTYtOGY4OC0zNDM2M2JjN2M0YzAiOnsiY3JlYXRlIjoyNDAwMDAwMDAwMDAsImRlbGV0ZSI6MjQwMDAwMDAwMDAwLCJyZWFkIjoyNDAwMDAwMDAwMDAsInVwZGF0ZSI6MjQwMDAwMDAwMDAwfX0=",
          "dependencies": [
            "google_folder.dashboard",
            "google_folder.estatisticas"
          ]
        }
      ]
    },
    {
      "mode": "managed",
      "type": "google_folder",
      "name": "dashboard",
      "provider": "provider[\"registry.terraform.io/hashicorp/google\"]",
      "instances": [
        {
          "schema_version": 0,
          "attributes": {
            "create_time": "2022-12-12T19:58:55.356Z",
            "display_name": "dashboard",
            "folder_id": "1050856628489",
            "id": "folders/1050856628489",
            "lifecycle_state": "ACTIVE",
            "name": "folders/1050856628489",
            "parent": "folders/676560767132",
            "timeouts": null
          },
          "sensitive_attributes": [],
          "private": "eyJlMmJmYjczMC1lY2FhLTExZTYtOGY4OC0zNDM2M2JjN2M0YzAiOnsiY3JlYXRlIjoyNDAwMDAwMDAwMDAsImRlbGV0ZSI6MjQwMDAwMDAwMDAwLCJyZWFkIjoyNDAwMDAwMDAwMDAsInVwZGF0ZSI6MjQwMDAwMDAwMDAwfX0=",
          "dependencies": [
            "google_folder.estatisticas"
          ]
        }
      ]
    },
    {
      "mode": "managed",
      "type": "google_folder",
      "name": "estatisticas",
      "provider": "provider[\"registry.terraform.io/hashicorp/google\"]",
      "instances": [
        {
          "schema_version": 0,
          "attributes": {
            "create_time": "2022-12-12T19:58:41.966Z",
            "display_name": "estatisticas",
            "folder_id": "676560767132",
            "id": "folders/676560767132",
            "lifecycle_state": "ACTIVE",
            "name": "folders/676560767132",
            "parent": "organizations/527043576009",
            "timeouts": null
          },
          "sensitive_attributes": [],
          "private": "eyJlMmJmYjczMC1lY2FhLTExZTYtOGY4OC0zNDM2M2JjN2M0YzAiOnsiY3JlYXRlIjoyNDAwMDAwMDAwMDAsImRlbGV0ZSI6MjQwMDAwMDAwMDAwLCJyZWFkIjoyNDAwMDAwMDAwMDAsInVwZGF0ZSI6MjQwMDAwMDAwMDAwfX0="
        }
      ]
    }
  ],
  "check_results": null
}
